// !$*UTF8*$!
{
	archiveVersion = 1;
	classes = {
	};
	objectVersion = 56;
	objects = {

/* Begin PBXBuildFile section */
		FC78B8C82C7346A80044DEAE /* GameScreen.swift in Sources */ = {isa = PBXBuildFile; fileRef = FC78B8C72C7346A80044DEAE /* GameScreen.swift */; };
		FC78B8CB2C7348100044DEAE /* Category.swift in Sources */ = {isa = PBXBuildFile; fileRef = FC78B8CA2C7348100044DEAE /* Category.swift */; };
		FC78B8CD2C73484A0044DEAE /* Word.swift in Sources */ = {isa = PBXBuildFile; fileRef = FC78B8CC2C73484A0044DEAE /* Word.swift */; };
		FC78B8CF2C73489B0044DEAE /* GameData.swift in Sources */ = {isa = PBXBuildFile; fileRef = FC78B8CE2C73489B0044DEAE /* GameData.swift */; };
		FC78B8D12C734FC30044DEAE /* GameToolBarView.swift in Sources */ = {isa = PBXBuildFile; fileRef = FC78B8D02C734FC30044DEAE /* GameToolBarView.swift */; };
		FC78B8D32C73528F0044DEAE /* BackgroundCardModifier.swift in Sources */ = {isa = PBXBuildFile; fileRef = FC78B8D22C73528F0044DEAE /* BackgroundCardModifier.swift */; };
		FC78B8D62C7369F90044DEAE /* LetterPositionCalculator.swift in Sources */ = {isa = PBXBuildFile; fileRef = FC78B8D52C7369F90044DEAE /* LetterPositionCalculator.swift */; };
		FC78B8D82C736AB90044DEAE /* GameLettersView.swift in Sources */ = {isa = PBXBuildFile; fileRef = FC78B8D72C736AB90044DEAE /* GameLettersView.swift */; };
		FC78B8DA2C736B260044DEAE /* GameLetterCircleView.swift in Sources */ = {isa = PBXBuildFile; fileRef = FC78B8D92C736B260044DEAE /* GameLetterCircleView.swift */; };
		FC78B8DC2C73B3E70044DEAE /* ShakeEffect.swift in Sources */ = {isa = PBXBuildFile; fileRef = FC78B8DB2C73B3E70044DEAE /* ShakeEffect.swift */; };
		FC78B8DE2C73B6590044DEAE /* GameLogic.swift in Sources */ = {isa = PBXBuildFile; fileRef = FC78B8DD2C73B6590044DEAE /* GameLogic.swift */; };
		FCEA25212C6F3A0400EE59F0 /* PiinkoWordsApp.swift in Sources */ = {isa = PBXBuildFile; fileRef = FCEA25202C6F3A0400EE59F0 /* PiinkoWordsApp.swift */; };
		FCEA25232C6F3A0400EE59F0 /* WelcomeScreen.swift in Sources */ = {isa = PBXBuildFile; fileRef = FCEA25222C6F3A0400EE59F0 /* WelcomeScreen.swift */; };
		FCEA25252C6F3A0500EE59F0 /* Assets.xcassets in Resources */ = {isa = PBXBuildFile; fileRef = FCEA25242C6F3A0500EE59F0 /* Assets.xcassets */; };
		FCEA25282C6F3A0500EE59F0 /* Preview Assets.xcassets in Resources */ = {isa = PBXBuildFile; fileRef = FCEA25272C6F3A0500EE59F0 /* Preview Assets.xcassets */; };
		FCEA25372C6F3BDB00EE59F0 /* WelcomeCardView.swift in Sources */ = {isa = PBXBuildFile; fileRef = FCEA25362C6F3BDB00EE59F0 /* WelcomeCardView.swift */; };
		FCEA253A2C6F3C1A00EE59F0 /* Color+extensions.swift in Sources */ = {isa = PBXBuildFile; fileRef = FCEA25392C6F3C1A00EE59F0 /* Color+extensions.swift */; };
		FCEA253D2C6F49EA00EE59F0 /* SettingsScreen.swift in Sources */ = {isa = PBXBuildFile; fileRef = FCEA253C2C6F49EA00EE59F0 /* SettingsScreen.swift */; };
		FCEA25402C6F4B4D00EE59F0 /* CustomVStackModifier.swift in Sources */ = {isa = PBXBuildFile; fileRef = FCEA253F2C6F4B4D00EE59F0 /* CustomVStackModifier.swift */; };
		FCEA25442C6F4E3500EE59F0 /* SettingButtonView.swift in Sources */ = {isa = PBXBuildFile; fileRef = FCEA25432C6F4E3500EE59F0 /* SettingButtonView.swift */; };
/* End PBXBuildFile section */

/* Begin PBXFileReference section */
		FC78B8C72C7346A80044DEAE /* GameScreen.swift */ = {isa = PBXFileReference; lastKnownFileType = sourcecode.swift; path = GameScreen.swift; sourceTree = "<group>"; };
		FC78B8CA2C7348100044DEAE /* Category.swift */ = {isa = PBXFileReference; lastKnownFileType = sourcecode.swift; path = Category.swift; sourceTree = "<group>"; };
		FC78B8CC2C73484A0044DEAE /* Word.swift */ = {isa = PBXFileReference; lastKnownFileType = sourcecode.swift; path = Word.swift; sourceTree = "<group>"; };
		FC78B8CE2C73489B0044DEAE /* GameData.swift */ = {isa = PBXFileReference; lastKnownFileType = sourcecode.swift; path = GameData.swift; sourceTree = "<group>"; };
		FC78B8D02C734FC30044DEAE /* GameToolBarView.swift */ = {isa = PBXFileReference; lastKnownFileType = sourcecode.swift; path = GameToolBarView.swift; sourceTree = "<group>"; };
		FC78B8D22C73528F0044DEAE /* BackgroundCardModifier.swift */ = {isa = PBXFileReference; lastKnownFileType = sourcecode.swift; path = BackgroundCardModifier.swift; sourceTree = "<group>"; };
		FC78B8D52C7369F90044DEAE /* LetterPositionCalculator.swift */ = {isa = PBXFileReference; lastKnownFileType = sourcecode.swift; path = LetterPositionCalculator.swift; sourceTree = "<group>"; };
		FC78B8D72C736AB90044DEAE /* GameLettersView.swift */ = {isa = PBXFileReference; lastKnownFileType = sourcecode.swift; path = GameLettersView.swift; sourceTree = "<group>"; };
		FC78B8D92C736B260044DEAE /* GameLetterCircleView.swift */ = {isa = PBXFileReference; lastKnownFileType = sourcecode.swift; path = GameLetterCircleView.swift; sourceTree = "<group>"; };
		FC78B8DB2C73B3E70044DEAE /* ShakeEffect.swift */ = {isa = PBXFileReference; lastKnownFileType = sourcecode.swift; path = ShakeEffect.swift; sourceTree = "<group>"; };
		FC78B8DD2C73B6590044DEAE /* GameLogic.swift */ = {isa = PBXFileReference; lastKnownFileType = sourcecode.swift; path = GameLogic.swift; sourceTree = "<group>"; };
		FCEA251D2C6F3A0400EE59F0 /* PiinkoWords.app */ = {isa = PBXFileReference; explicitFileType = wrapper.application; includeInIndex = 0; path = PiinkoWords.app; sourceTree = BUILT_PRODUCTS_DIR; };
		FCEA25202C6F3A0400EE59F0 /* PiinkoWordsApp.swift */ = {isa = PBXFileReference; lastKnownFileType = sourcecode.swift; path = PiinkoWordsApp.swift; sourceTree = "<group>"; };
		FCEA25222C6F3A0400EE59F0 /* WelcomeScreen.swift */ = {isa = PBXFileReference; lastKnownFileType = sourcecode.swift; path = WelcomeScreen.swift; sourceTree = "<group>"; };
		FCEA25242C6F3A0500EE59F0 /* Assets.xcassets */ = {isa = PBXFileReference; lastKnownFileType = folder.assetcatalog; path = Assets.xcassets; sourceTree = "<group>"; };
		FCEA25272C6F3A0500EE59F0 /* Preview Assets.xcassets */ = {isa = PBXFileReference; lastKnownFileType = folder.assetcatalog; path = "Preview Assets.xcassets"; sourceTree = "<group>"; };
		FCEA25362C6F3BDB00EE59F0 /* WelcomeCardView.swift */ = {isa = PBXFileReference; lastKnownFileType = sourcecode.swift; path = WelcomeCardView.swift; sourceTree = "<group>"; };
		FCEA25392C6F3C1A00EE59F0 /* Color+extensions.swift */ = {isa = PBXFileReference; lastKnownFileType = sourcecode.swift; path = "Color+extensions.swift"; sourceTree = "<group>"; };
		FCEA253C2C6F49EA00EE59F0 /* SettingsScreen.swift */ = {isa = PBXFileReference; lastKnownFileType = sourcecode.swift; path = SettingsScreen.swift; sourceTree = "<group>"; };
		FCEA253F2C6F4B4D00EE59F0 /* CustomVStackModifier.swift */ = {isa = PBXFileReference; lastKnownFileType = sourcecode.swift; path = CustomVStackModifier.swift; sourceTree = "<group>"; };
		FCEA25432C6F4E3500EE59F0 /* SettingButtonView.swift */ = {isa = PBXFileReference; lastKnownFileType = sourcecode.swift; path = SettingButtonView.swift; sourceTree = "<group>"; };
/* End PBXFileReference section */

/* Begin PBXFrameworksBuildPhase section */
		FCEA251A2C6F3A0400EE59F0 /* Frameworks */ = {
			isa = PBXFrameworksBuildPhase;
			buildActionMask = 2147483647;
			files = (
			);
			runOnlyForDeploymentPostprocessing = 0;
		};
/* End PBXFrameworksBuildPhase section */

/* Begin PBXGroup section */
		FC78B8C62C73469C0044DEAE /* View */ = {
			isa = PBXGroup;
			children = (
				FC78B8D02C734FC30044DEAE /* GameToolBarView.swift */,
				FC78B8D72C736AB90044DEAE /* GameLettersView.swift */,
				FC78B8D92C736B260044DEAE /* GameLetterCircleView.swift */,
			);
			path = View;
			sourceTree = "<group>";
		};
		FC78B8C92C7347F40044DEAE /* Models */ = {
			isa = PBXGroup;
			children = (
				FC78B8CA2C7348100044DEAE /* Category.swift */,
				FC78B8CC2C73484A0044DEAE /* Word.swift */,
			);
			path = Models;
			sourceTree = "<group>";
		};
		FC78B8D42C7369E50044DEAE /* Helpers */ = {
			isa = PBXGroup;
			children = (
				FC78B8D52C7369F90044DEAE /* LetterPositionCalculator.swift */,
			);
			path = Helpers;
			sourceTree = "<group>";
		};
		FCEA25142C6F3A0400EE59F0 = {
			isa = PBXGroup;
			children = (
				FCEA251F2C6F3A0400EE59F0 /* PiinkoWords */,
				FCEA251E2C6F3A0400EE59F0 /* Products */,
			);
			sourceTree = "<group>";
		};
		FCEA251E2C6F3A0400EE59F0 /* Products */ = {
			isa = PBXGroup;
			children = (
				FCEA251D2C6F3A0400EE59F0 /* PiinkoWords.app */,
			);
			name = Products;
			sourceTree = "<group>";
		};
		FCEA251F2C6F3A0400EE59F0 /* PiinkoWords */ = {
			isa = PBXGroup;
			children = (
				FCEA252F2C6F3A5E00EE59F0 /* App */,
				FCEA252E2C6F3A5400EE59F0 /* Screens */,
				FCEA25302C6F3A6500EE59F0 /* DataManager */,
				FC78B8C92C7347F40044DEAE /* Models */,
				FCEA253E2C6F4B3F00EE59F0 /* Modifiers */,
				FC78B8D42C7369E50044DEAE /* Helpers */,
				FCEA25352C6F3B0000EE59F0 /* Extensions */,
				FCEA25452C6F5BC500EE59F0 /* Font */,
				FCEA25262C6F3A0500EE59F0 /* Preview Content */,
			);
			path = PiinkoWords;
			sourceTree = "<group>";
		};
		FCEA25262C6F3A0500EE59F0 /* Preview Content */ = {
			isa = PBXGroup;
			children = (
				FCEA25272C6F3A0500EE59F0 /* Preview Assets.xcassets */,
			);
			path = "Preview Content";
			sourceTree = "<group>";
		};
		FCEA252E2C6F3A5400EE59F0 /* Screens */ = {
			isa = PBXGroup;
			children = (
				FCEA25322C6F3AAD00EE59F0 /* WelcomeScreen */,
				FCEA25332C6F3ABC00EE59F0 /* GameScreen */,
				FCEA253B2C6F49D800EE59F0 /* SettingsScreen */,
				FCEA25342C6F3ADF00EE59F0 /* Onboarding&Splash */,
			);
			path = Screens;
			sourceTree = "<group>";
		};
		FCEA252F2C6F3A5E00EE59F0 /* App */ = {
			isa = PBXGroup;
			children = (
				FCEA25202C6F3A0400EE59F0 /* PiinkoWordsApp.swift */,
				FCEA25242C6F3A0500EE59F0 /* Assets.xcassets */,
			);
			path = App;
			sourceTree = "<group>";
		};
		FCEA25302C6F3A6500EE59F0 /* DataManager */ = {
			isa = PBXGroup;
			children = (
				FC78B8CE2C73489B0044DEAE /* GameData.swift */,
			);
			path = DataManager;
			sourceTree = "<group>";
		};
		FCEA25322C6F3AAD00EE59F0 /* WelcomeScreen */ = {
			isa = PBXGroup;
			children = (
				FCEA25222C6F3A0400EE59F0 /* WelcomeScreen.swift */,
				FCEA25382C6F3BE600EE59F0 /* View */,
			);
			path = WelcomeScreen;
			sourceTree = "<group>";
		};
		FCEA25332C6F3ABC00EE59F0 /* GameScreen */ = {
			isa = PBXGroup;
			children = (
				FC78B8C72C7346A80044DEAE /* GameScreen.swift */,
				FC78B8DD2C73B6590044DEAE /* GameLogic.swift */,
				FC78B8C62C73469C0044DEAE /* View */,
			);
			path = GameScreen;
			sourceTree = "<group>";
		};
		FCEA25342C6F3ADF00EE59F0 /* Onboarding&Splash */ = {
			isa = PBXGroup;
			children = (
			);
			path = "Onboarding&Splash";
			sourceTree = "<group>";
		};
		FCEA25352C6F3B0000EE59F0 /* Extensions */ = {
			isa = PBXGroup;
			children = (
				FCEA25392C6F3C1A00EE59F0 /* Color+extensions.swift */,
			);
			path = Extensions;
			sourceTree = "<group>";
		};
		FCEA25382C6F3BE600EE59F0 /* View */ = {
			isa = PBXGroup;
			children = (
				FCEA25362C6F3BDB00EE59F0 /* WelcomeCardView.swift */,
			);
			path = View;
			sourceTree = "<group>";
		};
		FCEA253B2C6F49D800EE59F0 /* SettingsScreen */ = {
			isa = PBXGroup;
			children = (
				FCEA253C2C6F49EA00EE59F0 /* SettingsScreen.swift */,
				FCEA25412C6F4E1200EE59F0 /* View */,
			);
			path = SettingsScreen;
			sourceTree = "<group>";
		};
		FCEA253E2C6F4B3F00EE59F0 /* Modifiers */ = {
			isa = PBXGroup;
			children = (
				FCEA253F2C6F4B4D00EE59F0 /* CustomVStackModifier.swift */,
				FC78B8D22C73528F0044DEAE /* BackgroundCardModifier.swift */,
				FC78B8DB2C73B3E70044DEAE /* ShakeEffect.swift */,
			);
			path = Modifiers;
			sourceTree = "<group>";
		};
		FCEA25412C6F4E1200EE59F0 /* View */ = {
			isa = PBXGroup;
			children = (
				FCEA25432C6F4E3500EE59F0 /* SettingButtonView.swift */,
			);
			path = View;
			sourceTree = "<group>";
		};
		FCEA25452C6F5BC500EE59F0 /* Font */ = {
			isa = PBXGroup;
			children = (
			);
			path = Font;
			sourceTree = "<group>";
		};
/* End PBXGroup section */

/* Begin PBXNativeTarget section */
		FCEA251C2C6F3A0400EE59F0 /* PiinkoWords */ = {
			isa = PBXNativeTarget;
			buildConfigurationList = FCEA252B2C6F3A0500EE59F0 /* Build configuration list for PBXNativeTarget "PiinkoWords" */;
			buildPhases = (
				FCEA25192C6F3A0400EE59F0 /* Sources */,
				FCEA251A2C6F3A0400EE59F0 /* Frameworks */,
				FCEA251B2C6F3A0400EE59F0 /* Resources */,
			);
			buildRules = (
			);
			dependencies = (
			);
			name = PiinkoWords;
			productName = PiinkoWords;
			productReference = FCEA251D2C6F3A0400EE59F0 /* PiinkoWords.app */;
			productType = "com.apple.product-type.application";
		};
/* End PBXNativeTarget section */

/* Begin PBXProject section */
		FCEA25152C6F3A0400EE59F0 /* Project object */ = {
			isa = PBXProject;
			attributes = {
				BuildIndependentTargetsInParallel = 1;
				LastSwiftUpdateCheck = 1520;
				LastUpgradeCheck = 1520;
				TargetAttributes = {
					FCEA251C2C6F3A0400EE59F0 = {
						CreatedOnToolsVersion = 15.2;
					};
				};
			};
			buildConfigurationList = FCEA25182C6F3A0400EE59F0 /* Build configuration list for PBXProject "PiinkoWords" */;
			compatibilityVersion = "Xcode 14.0";
			developmentRegion = en;
			hasScannedForEncodings = 0;
			knownRegions = (
				en,
				Base,
			);
			mainGroup = FCEA25142C6F3A0400EE59F0;
			productRefGroup = FCEA251E2C6F3A0400EE59F0 /* Products */;
			projectDirPath = "";
			projectRoot = "";
			targets = (
				FCEA251C2C6F3A0400EE59F0 /* PiinkoWords */,
			);
		};
/* End PBXProject section */

/* Begin PBXResourcesBuildPhase section */
		FCEA251B2C6F3A0400EE59F0 /* Resources */ = {
			isa = PBXResourcesBuildPhase;
			buildActionMask = 2147483647;
			files = (
				FCEA25282C6F3A0500EE59F0 /* Preview Assets.xcassets in Resources */,
				FCEA25252C6F3A0500EE59F0 /* Assets.xcassets in Resources */,
			);
			runOnlyForDeploymentPostprocessing = 0;
		};
/* End PBXResourcesBuildPhase section */

/* Begin PBXSourcesBuildPhase section */
		FCEA25192C6F3A0400EE59F0 /* Sources */ = {
			isa = PBXSourcesBuildPhase;
			buildActionMask = 2147483647;
			files = (
				FC78B8D62C7369F90044DEAE /* LetterPositionCalculator.swift in Sources */,
				FC78B8DA2C736B260044DEAE /* GameLetterCircleView.swift in Sources */,
				FCEA25442C6F4E3500EE59F0 /* SettingButtonView.swift in Sources */,
				FCEA25232C6F3A0400EE59F0 /* WelcomeScreen.swift in Sources */,
				FCEA25402C6F4B4D00EE59F0 /* CustomVStackModifier.swift in Sources */,
				FCEA25212C6F3A0400EE59F0 /* PiinkoWordsApp.swift in Sources */,
				FC78B8CF2C73489B0044DEAE /* GameData.swift in Sources */,
				FCEA25372C6F3BDB00EE59F0 /* WelcomeCardView.swift in Sources */,
				FC78B8CB2C7348100044DEAE /* Category.swift in Sources */,
				FC78B8D32C73528F0044DEAE /* BackgroundCardModifier.swift in Sources */,
				FC78B8C82C7346A80044DEAE /* GameScreen.swift in Sources */,
				FC78B8D82C736AB90044DEAE /* GameLettersView.swift in Sources */,
				FC78B8DE2C73B6590044DEAE /* GameLogic.swift in Sources */,
				FC78B8DC2C73B3E70044DEAE /* ShakeEffect.swift in Sources */,
				FC78B8D12C734FC30044DEAE /* GameToolBarView.swift in Sources */,
				FC78B8CD2C73484A0044DEAE /* Word.swift in Sources */,
				FCEA253D2C6F49EA00EE59F0 /* SettingsScreen.swift in Sources */,
				FCEA253A2C6F3C1A00EE59F0 /* Color+extensions.swift in Sources */,
			);
			runOnlyForDeploymentPostprocessing = 0;
		};
/* End PBXSourcesBuildPhase section */

/* Begin XCBuildConfiguration section */
		FCEA25292C6F3A0500EE59F0 /* Debug */ = {
			isa = XCBuildConfiguration;
			buildSettings = {
				ALWAYS_SEARCH_USER_PATHS = NO;
				ASSETCATALOG_COMPILER_GENERATE_SWIFT_ASSET_SYMBOL_EXTENSIONS = YES;
				CLANG_ANALYZER_NONNULL = YES;
				CLANG_ANALYZER_NUMBER_OBJECT_CONVERSION = YES_AGGRESSIVE;
				CLANG_CXX_LANGUAGE_STANDARD = "gnu++20";
				CLANG_ENABLE_MODULES = YES;
				CLANG_ENABLE_OBJC_ARC = YES;
				CLANG_ENABLE_OBJC_WEAK = YES;
				CLANG_WARN_BLOCK_CAPTURE_AUTORELEASING = YES;
				CLANG_WARN_BOOL_CONVERSION = YES;
				CLANG_WARN_COMMA = YES;
				CLANG_WARN_CONSTANT_CONVERSION = YES;
				CLANG_WARN_DEPRECATED_OBJC_IMPLEMENTATIONS = YES;
				CLANG_WARN_DIRECT_OBJC_ISA_USAGE = YES_ERROR;
				CLANG_WARN_DOCUMENTATION_COMMENTS = YES;
				CLANG_WARN_EMPTY_BODY = YES;
				CLANG_WARN_ENUM_CONVERSION = YES;
				CLANG_WARN_INFINITE_RECURSION = YES;
				CLANG_WARN_INT_CONVERSION = YES;
				CLANG_WARN_NON_LITERAL_NULL_CONVERSION = YES;
				CLANG_WARN_OBJC_IMPLICIT_RETAIN_SELF = YES;
				CLANG_WARN_OBJC_LITERAL_CONVERSION = YES;
				CLANG_WARN_OBJC_ROOT_CLASS = YES_ERROR;
				CLANG_WARN_QUOTED_INCLUDE_IN_FRAMEWORK_HEADER = YES;
				CLANG_WARN_RANGE_LOOP_ANALYSIS = YES;
				CLANG_WARN_STRICT_PROTOTYPES = YES;
				CLANG_WARN_SUSPICIOUS_MOVE = YES;
				CLANG_WARN_UNGUARDED_AVAILABILITY = YES_AGGRESSIVE;
				CLANG_WARN_UNREACHABLE_CODE = YES;
				CLANG_WARN__DUPLICATE_METHOD_MATCH = YES;
				COPY_PHASE_STRIP = NO;
				DEBUG_INFORMATION_FORMAT = dwarf;
				ENABLE_STRICT_OBJC_MSGSEND = YES;
				ENABLE_TESTABILITY = YES;
				ENABLE_USER_SCRIPT_SANDBOXING = YES;
				GCC_C_LANGUAGE_STANDARD = gnu17;
				GCC_DYNAMIC_NO_PIC = NO;
				GCC_NO_COMMON_BLOCKS = YES;
				GCC_OPTIMIZATION_LEVEL = 0;
				GCC_PREPROCESSOR_DEFINITIONS = (
					"DEBUG=1",
					"$(inherited)",
				);
				GCC_WARN_64_TO_32_BIT_CONVERSION = YES;
				GCC_WARN_ABOUT_RETURN_TYPE = YES_ERROR;
				GCC_WARN_UNDECLARED_SELECTOR = YES;
				GCC_WARN_UNINITIALIZED_AUTOS = YES_AGGRESSIVE;
				GCC_WARN_UNUSED_FUNCTION = YES;
				GCC_WARN_UNUSED_VARIABLE = YES;
				IPHONEOS_DEPLOYMENT_TARGET = 17.2;
				LOCALIZATION_PREFERS_STRING_CATALOGS = YES;
				MTL_ENABLE_DEBUG_INFO = INCLUDE_SOURCE;
				MTL_FAST_MATH = YES;
				ONLY_ACTIVE_ARCH = YES;
				SDKROOT = iphoneos;
				SWIFT_ACTIVE_COMPILATION_CONDITIONS = "DEBUG $(inherited)";
				SWIFT_OPTIMIZATION_LEVEL = "-Onone";
			};
			name = Debug;
		};
		FCEA252A2C6F3A0500EE59F0 /* Release */ = {
			isa = XCBuildConfiguration;
			buildSettings = {
				ALWAYS_SEARCH_USER_PATHS = NO;
				ASSETCATALOG_COMPILER_GENERATE_SWIFT_ASSET_SYMBOL_EXTENSIONS = YES;
				CLANG_ANALYZER_NONNULL = YES;
				CLANG_ANALYZER_NUMBER_OBJECT_CONVERSION = YES_AGGRESSIVE;
				CLANG_CXX_LANGUAGE_STANDARD = "gnu++20";
				CLANG_ENABLE_MODULES = YES;
				CLANG_ENABLE_OBJC_ARC = YES;
				CLANG_ENABLE_OBJC_WEAK = YES;
				CLANG_WARN_BLOCK_CAPTURE_AUTORELEASING = YES;
				CLANG_WARN_BOOL_CONVERSION = YES;
				CLANG_WARN_COMMA = YES;
				CLANG_WARN_CONSTANT_CONVERSION = YES;
				CLANG_WARN_DEPRECATED_OBJC_IMPLEMENTATIONS = YES;
				CLANG_WARN_DIRECT_OBJC_ISA_USAGE = YES_ERROR;
				CLANG_WARN_DOCUMENTATION_COMMENTS = YES;
				CLANG_WARN_EMPTY_BODY = YES;
				CLANG_WARN_ENUM_CONVERSION = YES;
				CLANG_WARN_INFINITE_RECURSION = YES;
				CLANG_WARN_INT_CONVERSION = YES;
				CLANG_WARN_NON_LITERAL_NULL_CONVERSION = YES;
				CLANG_WARN_OBJC_IMPLICIT_RETAIN_SELF = YES;
				CLANG_WARN_OBJC_LITERAL_CONVERSION = YES;
				CLANG_WARN_OBJC_ROOT_CLASS = YES_ERROR;
				CLANG_WARN_QUOTED_INCLUDE_IN_FRAMEWORK_HEADER = YES;
				CLANG_WARN_RANGE_LOOP_ANALYSIS = YES;
				CLANG_WARN_STRICT_PROTOTYPES = YES;
				CLANG_WARN_SUSPICIOUS_MOVE = YES;
				CLANG_WARN_UNGUARDED_AVAILABILITY = YES_AGGRESSIVE;
				CLANG_WARN_UNREACHABLE_CODE = YES;
				CLANG_WARN__DUPLICATE_METHOD_MATCH = YES;
				COPY_PHASE_STRIP = NO;
				DEBUG_INFORMATION_FORMAT = "dwarf-with-dsym";
				ENABLE_NS_ASSERTIONS = NO;
				ENABLE_STRICT_OBJC_MSGSEND = YES;
				ENABLE_USER_SCRIPT_SANDBOXING = YES;
				GCC_C_LANGUAGE_STANDARD = gnu17;
				GCC_NO_COMMON_BLOCKS = YES;
				GCC_WARN_64_TO_32_BIT_CONVERSION = YES;
				GCC_WARN_ABOUT_RETURN_TYPE = YES_ERROR;
				GCC_WARN_UNDECLARED_SELECTOR = YES;
				GCC_WARN_UNINITIALIZED_AUTOS = YES_AGGRESSIVE;
				GCC_WARN_UNUSED_FUNCTION = YES;
				GCC_WARN_UNUSED_VARIABLE = YES;
				IPHONEOS_DEPLOYMENT_TARGET = 17.2;
				LOCALIZATION_PREFERS_STRING_CATALOGS = YES;
				MTL_ENABLE_DEBUG_INFO = NO;
				MTL_FAST_MATH = YES;
				SDKROOT = iphoneos;
				SWIFT_COMPILATION_MODE = wholemodule;
				VALIDATE_PRODUCT = YES;
			};
			name = Release;
		};
		FCEA252C2C6F3A0500EE59F0 /* Debug */ = {
			isa = XCBuildConfiguration;
			buildSettings = {
				ASSETCATALOG_COMPILER_APPICON_NAME = AppIcon;
				ASSETCATALOG_COMPILER_GLOBAL_ACCENT_COLOR_NAME = AccentColor;
				CODE_SIGN_STYLE = Automatic;
				CURRENT_PROJECT_VERSION = 1;
				DEVELOPMENT_ASSET_PATHS = "\"PiinkoWords/Preview Content\"";
				DEVELOPMENT_TEAM = CTY44DYVYJ;
				ENABLE_PREVIEWS = YES;
				GENERATE_INFOPLIST_FILE = YES;
				INFOPLIST_KEY_UIApplicationSceneManifest_Generation = YES;
				INFOPLIST_KEY_UIApplicationSupportsIndirectInputEvents = YES;
				INFOPLIST_KEY_UILaunchScreen_Generation = YES;
				INFOPLIST_KEY_UISupportedInterfaceOrientations_iPad = "UIInterfaceOrientationPortrait UIInterfaceOrientationPortraitUpsideDown UIInterfaceOrientationLandscapeLeft UIInterfaceOrientationLandscapeRight";
				INFOPLIST_KEY_UISupportedInterfaceOrientations_iPhone = "UIInterfaceOrientationPortrait UIInterfaceOrientationLandscapeLeft UIInterfaceOrientationLandscapeRight";
				IPHONEOS_DEPLOYMENT_TARGET = 14.0;
				LD_RUNPATH_SEARCH_PATHS = (
					"$(inherited)",
					"@executable_path/Frameworks",
				);
				MARKETING_VERSION = 1.0;
				PRODUCT_BUNDLE_IDENTIFIER = blessthedevil.PiinkoWords;
				PRODUCT_NAME = "$(TARGET_NAME)";
				SUPPORTED_PLATFORMS = "iphoneos iphonesimulator";
				SUPPORTS_MACCATALYST = NO;
				SUPPORTS_MAC_DESIGNED_FOR_IPHONE_IPAD = NO;
				SUPPORTS_XR_DESIGNED_FOR_IPHONE_IPAD = NO;
				SWIFT_EMIT_LOC_STRINGS = YES;
				SWIFT_VERSION = 5.0;
				TARGETED_DEVICE_FAMILY = "1,2";
			};
			name = Debug;
		};
		FCEA252D2C6F3A0500EE59F0 /* Release */ = {
			isa = XCBuildConfiguration;
			buildSettings = {
				ASSETCATALOG_COMPILER_APPICON_NAME = AppIcon;
				ASSETCATALOG_COMPILER_GLOBAL_ACCENT_COLOR_NAME = AccentColor;
				CODE_SIGN_STYLE = Automatic;
				CURRENT_PROJECT_VERSION = 1;
				DEVELOPMENT_ASSET_PATHS = "\"PiinkoWords/Preview Content\"";
				DEVELOPMENT_TEAM = CTY44DYVYJ;
				ENABLE_PREVIEWS = YES;
				GENERATE_INFOPLIST_FILE = YES;
				INFOPLIST_KEY_UIApplicationSceneManifest_Generation = YES;
				INFOPLIST_KEY_UIApplicationSupportsIndirectInputEvents = YES;
				INFOPLIST_KEY_UILaunchScreen_Generation = YES;
				INFOPLIST_KEY_UISupportedInterfaceOrientations_iPad = "UIInterfaceOrientationPortrait UIInterfaceOrientationPortraitUpsideDown UIInterfaceOrientationLandscapeLeft UIInterfaceOrientationLandscapeRight";
				INFOPLIST_KEY_UISupportedInterfaceOrientations_iPhone = "UIInterfaceOrientationPortrait UIInterfaceOrientationLandscapeLeft UIInterfaceOrientationLandscapeRight";
				IPHONEOS_DEPLOYMENT_TARGET = 14.0;
				LD_RUNPATH_SEARCH_PATHS = (
					"$(inherited)",
					"@executable_path/Frameworks",
				);
				MARKETING_VERSION = 1.0;
				PRODUCT_BUNDLE_IDENTIFIER = blessthedevil.PiinkoWords;
				PRODUCT_NAME = "$(TARGET_NAME)";
				SUPPORTED_PLATFORMS = "iphoneos iphonesimulator";
				SUPPORTS_MACCATALYST = NO;
				SUPPORTS_MAC_DESIGNED_FOR_IPHONE_IPAD = NO;
				SUPPORTS_XR_DESIGNED_FOR_IPHONE_IPAD = NO;
				SWIFT_EMIT_LOC_STRINGS = YES;
				SWIFT_VERSION = 5.0;
				TARGETED_DEVICE_FAMILY = "1,2";
			};
			name = Release;
		};
/* End XCBuildConfiguration section */

/* Begin XCConfigurationList section */
		FCEA25182C6F3A0400EE59F0 /* Build configuration list for PBXProject "PiinkoWords" */ = {
			isa = XCConfigurationList;
			buildConfigurations = (
				FCEA25292C6F3A0500EE59F0 /* Debug */,
				FCEA252A2C6F3A0500EE59F0 /* Release */,
			);
			defaultConfigurationIsVisible = 0;
			defaultConfigurationName = Release;
		};
		FCEA252B2C6F3A0500EE59F0 /* Build configuration list for PBXNativeTarget "PiinkoWords" */ = {
			isa = XCConfigurationList;
			buildConfigurations = (
				FCEA252C2C6F3A0500EE59F0 /* Debug */,
				FCEA252D2C6F3A0500EE59F0 /* Release */,
			);
			defaultConfigurationIsVisible = 0;
			defaultConfigurationName = Release;
		};
/* End XCConfigurationList section */
	};
	rootObject = FCEA25152C6F3A0400EE59F0 /* Project object */;
}
